
Microsoft Visual Studio Solution File, Format Version 12.00
# Visual Studio Version 17
VisualStudioVersion = 17.8.34525.116
MinimumVisualStudioVersion = 10.0.40219.1
Project("{FAE04EC0-301F-11D3-BF4B-00C04F79EFBC}") = "dungeonCrawler_TP", "dungeonCrawler_TP\dungeonCrawler_TP.csproj", "{2C3CE33F-A2A1-4D59-8E66-052314029BC7}"
EndProject
Global
	GlobalSection(SolutionConfigurationPlatforms) = preSolution
		Debug|Any CPU = Debug|Any CPU
		Release|Any CPU = Release|Any CPU
	EndGlobalSection
	GlobalSection(ProjectConfigurationPlatforms) = postSolution
		{2C3CE33F-A2A1-4D59-8E66-052314029BC7}.Debug|Any CPU.ActiveCfg = Debug|Any CPU
		{2C3CE33F-A2A1-4D59-8E66-052314029BC7}.Debug|Any CPU.Build.0 = Debug|Any CPU
		{2C3CE33F-A2A1-4D59-8E66-052314029BC7}.Release|Any CPU.ActiveCfg = Release|Any CPU
		{2C3CE33F-A2A1-4D59-8E66-052314029BC7}.Release|Any CPU.Build.0 = Release|Any CPU
	EndGlobalSection
	GlobalSection(SolutionProperties) = preSolution
		HideSolutionNode = FALSE
	EndGlobalSection
	GlobalSection(ExtensibilityGlobals) = postSolution
		SolutionGuid = {2582AC21-A672-44A6-A5D0-5F36F70C1CE3}
	EndGlobalSection
EndGlobal
